<?xml version="1.0" encoding="utf-8"?>
<Project ToolsVersion="17.0" xmlns="http://schemas.microsoft.com/developer/msbuild/2003">
  <ItemGroup>
    <CustomBuild Include="D:\buidC\ai2.1\AI-Camera-System\cpp-backend\CMakeFiles\6885c92eeb1fb2a958cbdacdacfc87fa\RUN_TESTS_force.rule">
      <Filter>CMake Rules</Filter>
    </CustomBuild>
  </ItemGroup>
  <ItemGroup>
    <Filter Include="CMake Rules">
      <UniqueIdentifier>{1236DE61-17D8-36EC-B16F-C3C911295D56}</UniqueIdentifier>
    </Filter>
  </ItemGroup>
</Project>
